// !$*UTF8*$!
{
	archiveVersion = 1;
	classes = {
	};
	objectVersion = 50;
	objects = {

/* Begin PBXBuildFile section */
		3BB4032325C037DB002620E4 /* AppDelegate.swift in Sources */ = {isa = PBXBuildFile; fileRef = 3BB4032225C037DB002620E4 /* AppDelegate.swift */; };
		3BB4032525C037DB002620E4 /* SceneDelegate.swift in Sources */ = {isa = PBXBuildFile; fileRef = 3BB4032425C037DB002620E4 /* SceneDelegate.swift */; };
		3BB4032725C037DB002620E4 /* ViewController.swift in Sources */ = {isa = PBXBuildFile; fileRef = 3BB4032625C037DB002620E4 /* ViewController.swift */; };
		3BB4032A25C037DB002620E4 /* Main.storyboard in Resources */ = {isa = PBXBuildFile; fileRef = 3BB4032825C037DB002620E4 /* Main.storyboard */; };
		3BB4032D25C037DB002620E4 /* Evdeki_Okulum.xcdatamodeld in Sources */ = {isa = PBXBuildFile; fileRef = 3BB4032B25C037DB002620E4 /* Evdeki_Okulum.xcdatamodeld */; };
		3BB4032F25C037E0002620E4 /* Assets.xcassets in Resources */ = {isa = PBXBuildFile; fileRef = 3BB4032E25C037E0002620E4 /* Assets.xcassets */; };
		3BB4033225C037E0002620E4 /* LaunchScreen.storyboard in Resources */ = {isa = PBXBuildFile; fileRef = 3BB4033025C037E0002620E4 /* LaunchScreen.storyboard */; };
		3BB4033D25C037E0002620E4 /* Evdeki_OkulumTests.swift in Sources */ = {isa = PBXBuildFile; fileRef = 3BB4033C25C037E0002620E4 /* Evdeki_OkulumTests.swift */; };
		3BB4034825C037E0002620E4 /* Evdeki_OkulumUITests.swift in Sources */ = {isa = PBXBuildFile; fileRef = 3BB4034725C037E0002620E4 /* Evdeki_OkulumUITests.swift */; };
/* End PBXBuildFile section */

/* Begin PBXContainerItemProxy section */
		3BB4033925C037E0002620E4 /* PBXContainerItemProxy */ = {
			isa = PBXContainerItemProxy;
			containerPortal = 3BB4031725C037DB002620E4 /* Project object */;
			proxyType = 1;
			remoteGlobalIDString = 3BB4031E25C037DB002620E4;
			remoteInfo = "Evdeki Okulum";
		};
		3BB4034425C037E0002620E4 /* PBXContainerItemProxy */ = {
			isa = PBXContainerItemProxy;
			containerPortal = 3BB4031725C037DB002620E4 /* Project object */;
			proxyType = 1;
			remoteGlobalIDString = 3BB4031E25C037DB002620E4;
			remoteInfo = "Evdeki Okulum";
		};
/* End PBXContainerItemProxy section */

/* Begin PBXFileReference section */
		3BB4031F25C037DB002620E4 /* Evdeki Okulum.app */ = {isa = PBXFileReference; explicitFileType = wrapper.application; includeInIndex = 0; path = "Evdeki Okulum.app"; sourceTree = BUILT_PRODUCTS_DIR; };
		3BB4032225C037DB002620E4 /* AppDelegate.swift */ = {isa = PBXFileReference; lastKnownFileType = sourcecode.swift; path = AppDelegate.swift; sourceTree = "<group>"; };
		3BB4032425C037DB002620E4 /* SceneDelegate.swift */ = {isa = PBXFileReference; lastKnownFileType = sourcecode.swift; path = SceneDelegate.swift; sourceTree = "<group>"; };
		3BB4032625C037DB002620E4 /* ViewController.swift */ = {isa = PBXFileReference; lastKnownFileType = sourcecode.swift; path = ViewController.swift; sourceTree = "<group>"; };
		3BB4032925C037DB002620E4 /* Base */ = {isa = PBXFileReference; lastKnownFileType = file.storyboard; name = Base; path = Base.lproj/Main.storyboard; sourceTree = "<group>"; };
		3BB4032C25C037DB002620E4 /* Evdeki_Okulum.xcdatamodel */ = {isa = PBXFileReference; lastKnownFileType = wrapper.xcdatamodel; path = Evdeki_Okulum.xcdatamodel; sourceTree = "<group>"; };
		3BB4032E25C037E0002620E4 /* Assets.xcassets */ = {isa = PBXFileReference; lastKnownFileType = folder.assetcatalog; path = Assets.xcassets; sourceTree = "<group>"; };
		3BB4033125C037E0002620E4 /* Base */ = {isa = PBXFileReference; lastKnownFileType = file.storyboard; name = Base; path = Base.lproj/LaunchScreen.storyboard; sourceTree = "<group>"; };
		3BB4033325C037E0002620E4 /* Info.plist */ = {isa = PBXFileReference; lastKnownFileType = text.plist.xml; path = Info.plist; sourceTree = "<group>"; };
		3BB4033825C037E0002620E4 /* Evdeki OkulumTests.xctest */ = {isa = PBXFileReference; explicitFileType = wrapper.cfbundle; includeInIndex = 0; path = "Evdeki OkulumTests.xctest"; sourceTree = BUILT_PRODUCTS_DIR; };
		3BB4033C25C037E0002620E4 /* Evdeki_OkulumTests.swift */ = {isa = PBXFileReference; lastKnownFileType = sourcecode.swift; path = Evdeki_OkulumTests.swift; sourceTree = "<group>"; };
		3BB4033E25C037E0002620E4 /* Info.plist */ = {isa = PBXFileReference; lastKnownFileType = text.plist.xml; path = Info.plist; sourceTree = "<group>"; };
		3BB4034325C037E0002620E4 /* Evdeki OkulumUITests.xctest */ = {isa = PBXFileReference; explicitFileType = wrapper.cfbundle; includeInIndex = 0; path = "Evdeki OkulumUITests.xctest"; sourceTree = BUILT_PRODUCTS_DIR; };
		3BB4034725C037E0002620E4 /* Evdeki_OkulumUITests.swift */ = {isa = PBXFileReference; lastKnownFileType = sourcecode.swift; path = Evdeki_OkulumUITests.swift; sourceTree = "<group>"; };
		3BB4034925C037E0002620E4 /* Info.plist */ = {isa = PBXFileReference; lastKnownFileType = text.plist.xml; path = Info.plist; sourceTree = "<group>"; };
/* End PBXFileReference section */

/* Begin PBXFrameworksBuildPhase section */
		3BB4031C25C037DB002620E4 /* Frameworks */ = {
			isa = PBXFrameworksBuildPhase;
			buildActionMask = 2147483647;
			files = (
			);
			runOnlyForDeploymentPostprocessing = 0;
		};
		3BB4033525C037E0002620E4 /* Frameworks */ = {
			isa = PBXFrameworksBuildPhase;
			buildActionMask = 2147483647;
			files = (
			);
			runOnlyForDeploymentPostprocessing = 0;
		};
		3BB4034025C037E0002620E4 /* Frameworks */ = {
			isa = PBXFrameworksBuildPhase;
			buildActionMask = 2147483647;
			files = (
			);
			runOnlyForDeploymentPostprocessing = 0;
		};
/* End PBXFrameworksBuildPhase section */

/* Begin PBXGroup section */
		3BB4031625C037DB002620E4 = {
			isa = PBXGroup;
			children = (
				3BB4032125C037DB002620E4 /* Evdeki Okulum */,
				3BB4033B25C037E0002620E4 /* Evdeki OkulumTests */,
				3BB4034625C037E0002620E4 /* Evdeki OkulumUITests */,
				3BB4032025C037DB002620E4 /* Products */,
			);
			sourceTree = "<group>";
		};
		3BB4032025C037DB002620E4 /* Products */ = {
			isa = PBXGroup;
			children = (
				3BB4031F25C037DB002620E4 /* Evdeki Okulum.app */,
				3BB4033825C037E0002620E4 /* Evdeki OkulumTests.xctest */,
				3BB4034325C037E0002620E4 /* Evdeki OkulumUITests.xctest */,
			);
			name = Products;
			sourceTree = "<group>";
		};
		3BB4032125C037DB002620E4 /* Evdeki Okulum */ = {
			isa = PBXGroup;
			children = (
				3BB4032225C037DB002620E4 /* AppDelegate.swift */,
				3BB4032425C037DB002620E4 /* SceneDelegate.swift */,
				3BB4032625C037DB002620E4 /* ViewController.swift */,
				3BB4032825C037DB002620E4 /* Main.storyboard */,
				3BB4032E25C037E0002620E4 /* Assets.xcassets */,
				3BB4033025C037E0002620E4 /* LaunchScreen.storyboard */,
				3BB4033325C037E0002620E4 /* Info.plist */,
				3BB4032B25C037DB002620E4 /* Evdeki_Okulum.xcdatamodeld */,
			);
			path = "Evdeki Okulum";
			sourceTree = "<group>";
		};
		3BB4033B25C037E0002620E4 /* Evdeki OkulumTests */ = {
			isa = PBXGroup;
			children = (
				3BB4033C25C037E0002620E4 /* Evdeki_OkulumTests.swift */,
				3BB4033E25C037E0002620E4 /* Info.plist */,
			);
			path = "Evdeki OkulumTests";
			sourceTree = "<group>";
		};
		3BB4034625C037E0002620E4 /* Evdeki OkulumUITests */ = {
			isa = PBXGroup;
			children = (
				3BB4034725C037E0002620E4 /* Evdeki_OkulumUITests.swift */,
				3BB4034925C037E0002620E4 /* Info.plist */,
			);
			path = "Evdeki OkulumUITests";
			sourceTree = "<group>";
		};
/* End PBXGroup section */

/* Begin PBXNativeTarget section */
		3BB4031E25C037DB002620E4 /* Evdeki Okulum */ = {
			isa = PBXNativeTarget;
			buildConfigurationList = 3BB4034C25C037E0002620E4 /* Build configuration list for PBXNativeTarget "Evdeki Okulum" */;
			buildPhases = (
				3BB4031B25C037DB002620E4 /* Sources */,
				3BB4031C25C037DB002620E4 /* Frameworks */,
				3BB4031D25C037DB002620E4 /* Resources */,
			);
			buildRules = (
			);
			dependencies = (
			);
			name = "Evdeki Okulum";
			productName = "Evdeki Okulum";
			productReference = 3BB4031F25C037DB002620E4 /* Evdeki Okulum.app */;
			productType = "com.apple.product-type.application";
		};
		3BB4033725C037E0002620E4 /* Evdeki OkulumTests */ = {
			isa = PBXNativeTarget;
			buildConfigurationList = 3BB4034F25C037E0002620E4 /* Build configuration list for PBXNativeTarget "Evdeki OkulumTests" */;
			buildPhases = (
				3BB4033425C037E0002620E4 /* Sources */,
				3BB4033525C037E0002620E4 /* Frameworks */,
				3BB4033625C037E0002620E4 /* Resources */,
			);
			buildRules = (
			);
			dependencies = (
				3BB4033A25C037E0002620E4 /* PBXTargetDependency */,
			);
			name = "Evdeki OkulumTests";
			productName = "Evdeki OkulumTests";
			productReference = 3BB4033825C037E0002620E4 /* Evdeki OkulumTests.xctest */;
			productType = "com.apple.product-type.bundle.unit-test";
		};
		3BB4034225C037E0002620E4 /* Evdeki OkulumUITests */ = {
			isa = PBXNativeTarget;
			buildConfigurationList = 3BB4035225C037E0002620E4 /* Build configuration list for PBXNativeTarget "Evdeki OkulumUITests" */;
			buildPhases = (
				3BB4033F25C037E0002620E4 /* Sources */,
				3BB4034025C037E0002620E4 /* Frameworks */,
				3BB4034125C037E0002620E4 /* Resources */,
			);
			buildRules = (
			);
			dependencies = (
				3BB4034525C037E0002620E4 /* PBXTargetDependency */,
			);
			name = "Evdeki OkulumUITests";
			productName = "Evdeki OkulumUITests";
			productReference = 3BB4034325C037E0002620E4 /* Evdeki OkulumUITests.xctest */;
			productType = "com.apple.product-type.bundle.ui-testing";
		};
/* End PBXNativeTarget section */

/* Begin PBXProject section */
		3BB4031725C037DB002620E4 /* Project object */ = {
			isa = PBXProject;
			attributes = {
				LastSwiftUpdateCheck = 1230;
				LastUpgradeCheck = 1230;
				TargetAttributes = {
					3BB4031E25C037DB002620E4 = {
						CreatedOnToolsVersion = 12.3;
					};
					3BB4033725C037E0002620E4 = {
						CreatedOnToolsVersion = 12.3;
						TestTargetID = 3BB4031E25C037DB002620E4;
					};
					3BB4034225C037E0002620E4 = {
						CreatedOnToolsVersion = 12.3;
						TestTargetID = 3BB4031E25C037DB002620E4;
					};
				};
			};
			buildConfigurationList = 3BB4031A25C037DB002620E4 /* Build configuration list for PBXProject "Evdeki Okulum" */;
			compatibilityVersion = "Xcode 9.3";
			developmentRegion = en;
			hasScannedForEncodings = 0;
			knownRegions = (
				en,
				Base,
			);
			mainGroup = 3BB4031625C037DB002620E4;
			productRefGroup = 3BB4032025C037DB002620E4 /* Products */;
			projectDirPath = "";
			projectRoot = "";
			targets = (
				3BB4031E25C037DB002620E4 /* Evdeki Okulum */,
				3BB4033725C037E0002620E4 /* Evdeki OkulumTests */,
				3BB4034225C037E0002620E4 /* Evdeki OkulumUITests */,
			);
		};
/* End PBXProject section */

/* Begin PBXResourcesBuildPhase section */
		3BB4031D25C037DB002620E4 /* Resources */ = {
			isa = PBXResourcesBuildPhase;
			buildActionMask = 2147483647;
			files = (
				3BB4033225C037E0002620E4 /* LaunchScreen.storyboard in Resources */,
				3BB4032F25C037E0002620E4 /* Assets.xcassets in Resources */,
				3BB4032A25C037DB002620E4 /* Main.storyboard in Resources */,
			);
			runOnlyForDeploymentPostprocessing = 0;
		};
		3BB4033625C037E0002620E4 /* Resources */ = {
			isa = PBXResourcesBuildPhase;
			buildActionMask = 2147483647;
			files = (
			);
			runOnlyForDeploymentPostprocessing = 0;
		};
		3BB4034125C037E0002620E4 /* Resources */ = {
			isa = PBXResourcesBuildPhase;
			buildActionMask = 2147483647;
			files = (
			);
			runOnlyForDeploymentPostprocessing = 0;
		};
/* End PBXResourcesBuildPhase section */

/* Begin PBXSourcesBuildPhase section */
		3BB4031B25C037DB002620E4 /* Sources */ = {
			isa = PBXSourcesBuildPhase;
			buildActionMask = 2147483647;
			files = (
				3BB4032725C037DB002620E4 /* ViewController.swift in Sources */,
				3BB4032325C037DB002620E4 /* AppDelegate.swift in Sources */,
				3BB4032D25C037DB002620E4 /* Evdeki_Okulum.xcdatamodeld in Sources */,
				3BB4032525C037DB002620E4 /* SceneDelegate.swift in Sources */,
			);
			runOnlyForDeploymentPostprocessing = 0;
		};
		3BB4033425C037E0002620E4 /* Sources */ = {
			isa = PBXSourcesBuildPhase;
			buildActionMask = 2147483647;
			files = (
				3BB4033D25C037E0002620E4 /* Evdeki_OkulumTests.swift in Sources */,
			);
			runOnlyForDeploymentPostprocessing = 0;
		};
		3BB4033F25C037E0002620E4 /* Sources */ = {
			isa = PBXSourcesBuildPhase;
			buildActionMask = 2147483647;
			files = (
				3BB4034825C037E0002620E4 /* Evdeki_OkulumUITests.swift in Sources */,
			);
			runOnlyForDeploymentPostprocessing = 0;
		};
/* End PBXSourcesBuildPhase section */

/* Begin PBXTargetDependency section */
		3BB4033A25C037E0002620E4 /* PBXTargetDependency */ = {
			isa = PBXTargetDependency;
			target = 3BB4031E25C037DB002620E4 /* Evdeki Okulum */;
			targetProxy = 3BB4033925C037E0002620E4 /* PBXContainerItemProxy */;
		};
		3BB4034525C037E0002620E4 /* PBXTargetDependency */ = {
			isa = PBXTargetDependency;
			target = 3BB4031E25C037DB002620E4 /* Evdeki Okulum */;
			targetProxy = 3BB4034425C037E0002620E4 /* PBXContainerItemProxy */;
		};
/* End PBXTargetDependency section */

/* Begin PBXVariantGroup section */
		3BB4032825C037DB002620E4 /* Main.storyboard */ = {
			isa = PBXVariantGroup;
			children = (
				3BB4032925C037DB002620E4 /* Base */,
			);
			name = Main.storyboard;
			sourceTree = "<group>";
		};
		3BB4033025C037E0002620E4 /* LaunchScreen.storyboard */ = {
			isa = PBXVariantGroup;
			children = (
				3BB4033125C037E0002620E4 /* Base */,
			);
			name = LaunchScreen.storyboard;
			sourceTree = "<group>";
		};
/* End PBXVariantGroup section */

/* Begin XCBuildConfiguration section */
		3BB4034A25C037E0002620E4 /* Debug */ = {
			isa = XCBuildConfiguration;
			buildSettings = {
				ALWAYS_SEARCH_USER_PATHS = NO;
				CLANG_ANALYZER_NONNULL = YES;
				CLANG_ANALYZER_NUMBER_OBJECT_CONVERSION = YES_AGGRESSIVE;
				CLANG_CXX_LANGUAGE_STANDARD = "gnu++14";
				CLANG_CXX_LIBRARY = "libc++";
				CLANG_ENABLE_MODULES = YES;
				CLANG_ENABLE_OBJC_ARC = YES;
				CLANG_ENABLE_OBJC_WEAK = YES;
				CLANG_WARN_BLOCK_CAPTURE_AUTORELEASING = YES;
				CLANG_WARN_BOOL_CONVERSION = YES;
				CLANG_WARN_COMMA = YES;
				CLANG_WARN_CONSTANT_CONVERSION = YES;
				CLANG_WARN_DEPRECATED_OBJC_IMPLEMENTATIONS = YES;
				CLANG_WARN_DIRECT_OBJC_ISA_USAGE = YES_ERROR;
				CLANG_WARN_DOCUMENTATION_COMMENTS = YES;
				CLANG_WARN_EMPTY_BODY = YES;
				CLANG_WARN_ENUM_CONVERSION = YES;
				CLANG_WARN_INFINITE_RECURSION = YES;
				CLANG_WARN_INT_CONVERSION = YES;
				CLANG_WARN_NON_LITERAL_NULL_CONVERSION = YES;
				CLANG_WARN_OBJC_IMPLICIT_RETAIN_SELF = YES;
				CLANG_WARN_OBJC_LITERAL_CONVERSION = YES;
				CLANG_WARN_OBJC_ROOT_CLASS = YES_ERROR;
				CLANG_WARN_QUOTED_INCLUDE_IN_FRAMEWORK_HEADER = YES;
				CLANG_WARN_RANGE_LOOP_ANALYSIS = YES;
				CLANG_WARN_STRICT_PROTOTYPES = YES;
				CLANG_WARN_SUSPICIOUS_MOVE = YES;
				CLANG_WARN_UNGUARDED_AVAILABILITY = YES_AGGRESSIVE;
				CLANG_WARN_UNREACHABLE_CODE = YES;
				CLANG_WARN__DUPLICATE_METHOD_MATCH = YES;
				COPY_PHASE_STRIP = NO;
				DEBUG_INFORMATION_FORMAT = dwarf;
				ENABLE_STRICT_OBJC_MSGSEND = YES;
				ENABLE_TESTABILITY = YES;
				GCC_C_LANGUAGE_STANDARD = gnu11;
				GCC_DYNAMIC_NO_PIC = NO;
				GCC_NO_COMMON_BLOCKS = YES;
				GCC_OPTIMIZATION_LEVEL = 0;
				GCC_PREPROCESSOR_DEFINITIONS = (
					"DEBUG=1",
					"$(inherited)",
				);
				GCC_WARN_64_TO_32_BIT_CONVERSION = YES;
				GCC_WARN_ABOUT_RETURN_TYPE = YES_ERROR;
				GCC_WARN_UNDECLARED_SELECTOR = YES;
				GCC_WARN_UNINITIALIZED_AUTOS = YES_AGGRESSIVE;
				GCC_WARN_UNUSED_FUNCTION = YES;
				GCC_WARN_UNUSED_VARIABLE = YES;
				IPHONEOS_DEPLOYMENT_TARGET = 14.3;
				MTL_ENABLE_DEBUG_INFO = INCLUDE_SOURCE;
				MTL_FAST_MATH = YES;
				ONLY_ACTIVE_ARCH = YES;
				SDKROOT = iphoneos;
				SWIFT_ACTIVE_COMPILATION_CONDITIONS = DEBUG;
				SWIFT_OPTIMIZATION_LEVEL = "-Onone";
			};
			name = Debug;
		};
		3BB4034B25C037E0002620E4 /* Release */ = {
			isa = XCBuildConfiguration;
			buildSettings = {
				ALWAYS_SEARCH_USER_PATHS = NO;
				CLANG_ANALYZER_NONNULL = YES;
				CLANG_ANALYZER_NUMBER_OBJECT_CONVERSION = YES_AGGRESSIVE;
				CLANG_CXX_LANGUAGE_STANDARD = "gnu++14";
				CLANG_CXX_LIBRARY = "libc++";
				CLANG_ENABLE_MODULES = YES;
				CLANG_ENABLE_OBJC_ARC = YES;
				CLANG_ENABLE_OBJC_WEAK = YES;
				CLANG_WARN_BLOCK_CAPTURE_AUTORELEASING = YES;
				CLANG_WARN_BOOL_CONVERSION = YES;
				CLANG_WARN_COMMA = YES;
				CLANG_WARN_CONSTANT_CONVERSION = YES;
				CLANG_WARN_DEPRECATED_OBJC_IMPLEMENTATIONS = YES;
				CLANG_WARN_DIRECT_OBJC_ISA_USAGE = YES_ERROR;
				CLANG_WARN_DOCUMENTATION_COMMENTS = YES;
				CLANG_WARN_EMPTY_BODY = YES;
				CLANG_WARN_ENUM_CONVERSION = YES;
				CLANG_WARN_INFINITE_RECURSION = YES;
				CLANG_WARN_INT_CONVERSION = YES;
				CLANG_WARN_NON_LITERAL_NULL_CONVERSION = YES;
				CLANG_WARN_OBJC_IMPLICIT_RETAIN_SELF = YES;
				CLANG_WARN_OBJC_LITERAL_CONVERSION = YES;
				CLANG_WARN_OBJC_ROOT_CLASS = YES_ERROR;
				CLANG_WARN_QUOTED_INCLUDE_IN_FRAMEWORK_HEADER = YES;
				CLANG_WARN_RANGE_LOOP_ANALYSIS = YES;
				CLANG_WARN_STRICT_PROTOTYPES = YES;
				CLANG_WARN_SUSPICIOUS_MOVE = YES;
				CLANG_WARN_UNGUARDED_AVAILABILITY = YES_AGGRESSIVE;
				CLANG_WARN_UNREACHABLE_CODE = YES;
				CLANG_WARN__DUPLICATE_METHOD_MATCH = YES;
				COPY_PHASE_STRIP = NO;
				DEBUG_INFORMATION_FORMAT = "dwarf-with-dsym";
				ENABLE_NS_ASSERTIONS = NO;
				ENABLE_STRICT_OBJC_MSGSEND = YES;
				GCC_C_LANGUAGE_STANDARD = gnu11;
				GCC_NO_COMMON_BLOCKS = YES;
				GCC_WARN_64_TO_32_BIT_CONVERSION = YES;
				GCC_WARN_ABOUT_RETURN_TYPE = YES_ERROR;
				GCC_WARN_UNDECLARED_SELECTOR = YES;
				GCC_WARN_UNINITIALIZED_AUTOS = YES_AGGRESSIVE;
				GCC_WARN_UNUSED_FUNCTION = YES;
				GCC_WARN_UNUSED_VARIABLE = YES;
				IPHONEOS_DEPLOYMENT_TARGET = 14.3;
				MTL_ENABLE_DEBUG_INFO = NO;
				MTL_FAST_MATH = YES;
				SDKROOT = iphoneos;
				SWIFT_COMPILATION_MODE = wholemodule;
				SWIFT_OPTIMIZATION_LEVEL = "-O";
				VALIDATE_PRODUCT = YES;
			};
			name = Release;
		};
		3BB4034D25C037E0002620E4 /* Debug */ = {
			isa = XCBuildConfiguration;
			buildSettings = {
				ASSETCATALOG_COMPILER_APPICON_NAME = AppIcon;
				ASSETCATALOG_COMPILER_GLOBAL_ACCENT_COLOR_NAME = AccentColor;
				CODE_SIGN_STYLE = Automatic;
				DEVELOPMENT_TEAM = VK6JGDSZJ7;
				INFOPLIST_FILE = "Evdeki Okulum/Info.plist";
				LD_RUNPATH_SEARCH_PATHS = (
					"$(inherited)",
					"@executable_path/Frameworks",
				);
				PRODUCT_BUNDLE_IDENTIFIER = "com.hrdijital.Evdeki-Okulum";
				PRODUCT_NAME = "$(TARGET_NAME)";
				SWIFT_VERSION = 5.0;
				TARGETED_DEVICE_FAMILY = "1,2";
			};
			name = Debug;
		};
		3BB4034E25C037E0002620E4 /* Release */ = {
			isa = XCBuildConfiguration;
			buildSettings = {
				ASSETCATALOG_COMPILER_APPICON_NAME = AppIcon;
				ASSETCATALOG_COMPILER_GLOBAL_ACCENT_COLOR_NAME = AccentColor;
				CODE_SIGN_STYLE = Automatic;
				DEVELOPMENT_TEAM = VK6JGDSZJ7;
				INFOPLIST_FILE = "Evdeki Okulum/Info.plist";
				LD_RUNPATH_SEARCH_PATHS = (
					"$(inherited)",
					"@executable_path/Frameworks",
				);
				PRODUCT_BUNDLE_IDENTIFIER = "com.hrdijital.Evdeki-Okulum";
				PRODUCT_NAME = "$(TARGET_NAME)";
				SWIFT_VERSION = 5.0;
				TARGETED_DEVICE_FAMILY = "1,2";
			};
			name = Release;
		};
		3BB4035025C037E0002620E4 /* Debug */ = {
			isa = XCBuildConfiguration;
			buildSettings = {
				ALWAYS_EMBED_SWIFT_STANDARD_LIBRARIES = YES;
				BUNDLE_LOADER = "$(TEST_HOST)";
				CODE_SIGN_STYLE = Automatic;
				DEVELOPMENT_TEAM = VK6JGDSZJ7;
				INFOPLIST_FILE = "Evdeki OkulumTests/Info.plist";
				IPHONEOS_DEPLOYMENT_TARGET = 14.3;
				LD_RUNPATH_SEARCH_PATHS = (
					"$(inherited)",
					"@executable_path/Frameworks",
					"@loader_path/Frameworks",
				);
				PRODUCT_BUNDLE_IDENTIFIER = "com.hrdijital.Evdeki-OkulumTests";
				PRODUCT_NAME = "$(TARGET_NAME)";
				SWIFT_VERSION = 5.0;
				TARGETED_DEVICE_FAMILY = "1,2";
				TEST_HOST = "$(BUILT_PRODUCTS_DIR)/Evdeki Okulum.app/Evdeki Okulum";
			};
			name = Debug;
		};
		3BB4035125C037E0002620E4 /* Release */ = {
			isa = XCBuildConfiguration;
			buildSettings = {
				ALWAYS_EMBED_SWIFT_STANDARD_LIBRARIES = YES;
				BUNDLE_LOADER = "$(TEST_HOST)";
				CODE_SIGN_STYLE = Automatic;
				DEVELOPMENT_TEAM = VK6JGDSZJ7;
				INFOPLIST_FILE = "Evdeki OkulumTests/Info.plist";
				IPHONEOS_DEPLOYMENT_TARGET = 14.3;
				LD_RUNPATH_SEARCH_PATHS = (
					"$(inherited)",
					"@executable_path/Frameworks",
					"@loader_path/Frameworks",
				);
				PRODUCT_BUNDLE_IDENTIFIER = "com.hrdijital.Evdeki-OkulumTests";
				PRODUCT_NAME = "$(TARGET_NAME)";
				SWIFT_VERSION = 5.0;
				TARGETED_DEVICE_FAMILY = "1,2";
				TEST_HOST = "$(BUILT_PRODUCTS_DIR)/Evdeki Okulum.app/Evdeki Okulum";
			};
			name = Release;
		};
		3BB4035325C037E0002620E4 /* Debug */ = {
			isa = XCBuildConfiguration;
			buildSettings = {
				ALWAYS_EMBED_SWIFT_STANDARD_LIBRARIES = YES;
				CODE_SIGN_STYLE = Automatic;
				DEVELOPMENT_TEAM = VK6JGDSZJ7;
				INFOPLIST_FILE = "Evdeki OkulumUITests/Info.plist";
				LD_RUNPATH_SEARCH_PATHS = (
					"$(inherited)",
					"@executable_path/Frameworks",
					"@loader_path/Frameworks",
				);
				PRODUCT_BUNDLE_IDENTIFIER = "com.hrdijital.Evdeki-OkulumUITests";
				PRODUCT_NAME = "$(TARGET_NAME)";
				SWIFT_VERSION = 5.0;
				TARGETED_DEVICE_FAMILY = "1,2";
				TEST_TARGET_NAME = "Evdeki Okulum";
			};
			name = Debug;
		};
		3BB4035425C037E0002620E4 /* Release */ = {
			isa = XCBuildConfiguration;
			buildSettings = {
				ALWAYS_EMBED_SWIFT_STANDARD_LIBRARIES = YES;
				CODE_SIGN_STYLE = Automatic;
				DEVELOPMENT_TEAM = VK6JGDSZJ7;
				INFOPLIST_FILE = "Evdeki OkulumUITests/Info.plist";
				LD_RUNPATH_SEARCH_PATHS = (
					"$(inherited)",
					"@executable_path/Frameworks",
					"@loader_path/Frameworks",
				);
				PRODUCT_BUNDLE_IDENTIFIER = "com.hrdijital.Evdeki-OkulumUITests";
				PRODUCT_NAME = "$(TARGET_NAME)";
				SWIFT_VERSION = 5.0;
				TARGETED_DEVICE_FAMILY = "1,2";
				TEST_TARGET_NAME = "Evdeki Okulum";
			};
			name = Release;
		};
/* End XCBuildConfiguration section */

/* Begin XCConfigurationList section */
		3BB4031A25C037DB002620E4 /* Build configuration list for PBXProject "Evdeki Okulum" */ = {
			isa = XCConfigurationList;
			buildConfigurations = (
				3BB4034A25C037E0002620E4 /* Debug */,
				3BB4034B25C037E0002620E4 /* Release */,
			);
			defaultConfigurationIsVisible = 0;
			defaultConfigurationName = Release;
		};
		3BB4034C25C037E0002620E4 /* Build configuration list for PBXNativeTarget "Evdeki Okulum" */ = {
			isa = XCConfigurationList;
			buildConfigurations = (
				3BB4034D25C037E0002620E4 /* Debug */,
				3BB4034E25C037E0002620E4 /* Release */,
			);
			defaultConfigurationIsVisible = 0;
			defaultConfigurationName = Release;
		};
		3BB4034F25C037E0002620E4 /* Build configuration list for PBXNativeTarget "Evdeki OkulumTests" */ = {
			isa = XCConfigurationList;
			buildConfigurations = (
				3BB4035025C037E0002620E4 /* Debug */,
				3BB4035125C037E0002620E4 /* Release */,
			);
			defaultConfigurationIsVisible = 0;
			defaultConfigurationName = Release;
		};
		3BB4035225C037E0002620E4 /* Build configuration list for PBXNativeTarget "Evdeki OkulumUITests" */ = {
			isa = XCConfigurationList;
			buildConfigurations = (
				3BB4035325C037E0002620E4 /* Debug */,
				3BB4035425C037E0002620E4 /* Release */,
			);
			defaultConfigurationIsVisible = 0;
			defaultConfigurationName = Release;
		};
/* End XCConfigurationList section */

/* Begin XCVersionGroup section */
		3BB4032B25C037DB002620E4 /* Evdeki_Okulum.xcdatamodeld */ = {
			isa = XCVersionGroup;
			children = (
				3BB4032C25C037DB002620E4 /* Evdeki_Okulum.xcdatamodel */,
			);
			currentVersion = 3BB4032C25C037DB002620E4 /* Evdeki_Okulum.xcdatamodel */;
			path = Evdeki_Okulum.xcdatamodeld;
			sourceTree = "<group>";
			versionGroupType = wrapper.xcdatamodel;
		};
/* End XCVersionGroup section */
	};
	rootObject = 3BB4031725C037DB002620E4 /* Project object */;
}
